{
    "name": "substreams-sink",
    "version": "0.13.2",
    "lockfileVersion": 3,
    "requires": true,
    "packages": {
        "": {
            "name": "substreams-sink",
            "version": "0.13.2",
            "license": "MIT OR Apache-2.0",
            "dependencies": {
                "@substreams/core": "^0.7.0",
                "@substreams/manifest": "^0.6.0",
                "@substreams/node": "^0.4.3",
                "commander": "latest",
                "dotenv": "latest",
                "prom-client": "latest",
                "tslog": "latest"
            },
            "devDependencies": {
                "@types/node": "latest",
                "typescript": "latest"
            },
            "engines": {
                "node": ">=18"
            }
        },
        "node_modules/@bufbuild/buf": {
            "version": "1.28.1",
            "resolved": "https://registry.npmjs.org/@bufbuild/buf/-/buf-1.28.1.tgz",
            "integrity": "sha512-WRDagrf0uBjfV9s5eyrSPJDcdI4A5Q7JMCA4aMrHRR8fo/TTjniDBjJprszhaguqsDkn/LS4QIu92HVFZCrl9A==",
            "hasInstallScript": true,
            "peer": true,
            "bin": {
                "buf": "bin/buf",
                "protoc-gen-buf-breaking": "bin/protoc-gen-buf-breaking",
                "protoc-gen-buf-lint": "bin/protoc-gen-buf-lint"
            },
            "engines": {
                "node": ">=12"
            },
            "optionalDependencies": {
                "@bufbuild/buf-darwin-arm64": "1.28.1",
                "@bufbuild/buf-darwin-x64": "1.28.1",
                "@bufbuild/buf-linux-aarch64": "1.28.1",
                "@bufbuild/buf-linux-x64": "1.28.1",
                "@bufbuild/buf-win32-arm64": "1.28.1",
                "@bufbuild/buf-win32-x64": "1.28.1"
            }
        },
        "node_modules/@bufbuild/buf-darwin-arm64": {
            "version": "1.28.1",
            "resolved": "https://registry.npmjs.org/@bufbuild/buf-darwin-arm64/-/buf-darwin-arm64-1.28.1.tgz",
            "integrity": "sha512-nAyvwKkcd8qQTExCZo5MtSRhXLK7e3vzKFKHjXfkveRakSUST2HFlFZAHfErZimN4wBrPTN0V0hNRU8PPjkMpQ==",
            "cpu": [
                "arm64"
            ],
            "optional": true,
            "os": [
                "darwin"
            ],
            "peer": true,
            "engines": {
                "node": ">=12"
            }
        },
        "node_modules/@bufbuild/buf-darwin-x64": {
            "version": "1.28.1",
            "resolved": "https://registry.npmjs.org/@bufbuild/buf-darwin-x64/-/buf-darwin-x64-1.28.1.tgz",
            "integrity": "sha512-b0eT3xd3vX5a5lWAbo5h7FPuf9MsOJI4I39qs4TZnrlZ8BOuPfqzwzijiFf9UCwaX2vR1NQXexIoQ80Ci+fCHw==",
            "cpu": [
                "x64"
            ],
            "optional": true,
            "os": [
                "darwin"
            ],
            "peer": true,
            "engines": {
                "node": ">=12"
            }
        },
        "node_modules/@bufbuild/buf-linux-aarch64": {
            "version": "1.28.1",
            "resolved": "https://registry.npmjs.org/@bufbuild/buf-linux-aarch64/-/buf-linux-aarch64-1.28.1.tgz",
            "integrity": "sha512-p5h9bZCVLMh8No9/7k7ulXzsFx5P7Lu6DiUMjSJ6aBXPMYo6Xl7r/6L2cQkpsZ53HMtIxCgMYS9a7zoS4K8wIw==",
            "cpu": [
                "arm64"
            ],
            "optional": true,
            "os": [
                "linux"
            ],
            "peer": true,
            "engines": {
                "node": ">=12"
            }
        },
        "node_modules/@bufbuild/buf-linux-x64": {
            "version": "1.28.1",
            "resolved": "https://registry.npmjs.org/@bufbuild/buf-linux-x64/-/buf-linux-x64-1.28.1.tgz",
            "integrity": "sha512-fVJ3DiRigIso06jgEl+JNp59Y5t2pxDHd10d3SA4r+14sXbZ2J7Gy/wBqVXPry4x/jW567KKlvmhg7M5ZBgCQQ==",
            "cpu": [
                "x64"
            ],
            "optional": true,
            "os": [
                "linux"
            ],
            "peer": true,
            "engines": {
                "node": ">=12"
            }
        },
        "node_modules/@bufbuild/buf-win32-arm64": {
            "version": "1.28.1",
            "resolved": "https://registry.npmjs.org/@bufbuild/buf-win32-arm64/-/buf-win32-arm64-1.28.1.tgz",
            "integrity": "sha512-KJiRJpugQRK/jXC46Xjlb68UydWhCZj2jHdWLIwNtgXd1WTJ3LngChZV7Y6pPK08pwBAVz0JYeVbD5IlTCD4TQ==",
            "cpu": [
                "arm64"
            ],
            "optional": true,
            "os": [
                "win32"
            ],
            "peer": true,
            "engines": {
                "node": ">=12"
            }
        },
        "node_modules/@bufbuild/buf-win32-x64": {
            "version": "1.28.1",
            "resolved": "https://registry.npmjs.org/@bufbuild/buf-win32-x64/-/buf-win32-x64-1.28.1.tgz",
            "integrity": "sha512-vMnc+7OVCkmlRWQsgYHgUqiBPRIjD8XeoRyApJ07YZzGs7DkRH4LhvmacJbLd3wORylbn6gLz3pQa8J/M61mzg==",
            "cpu": [
                "x64"
            ],
            "optional": true,
            "os": [
                "win32"
            ],
            "peer": true,
            "engines": {
                "node": ">=12"
            }
        },
        "node_modules/@bufbuild/protobuf": {
            "version": "1.4.2",
            "resolved": "https://registry.npmjs.org/@bufbuild/protobuf/-/protobuf-1.4.2.tgz",
            "integrity": "sha512-JyEH8Z+OD5Sc2opSg86qMHn1EM1Sa+zj/Tc0ovxdwk56ByVNONJSabuCUbLQp+eKN3rWNfrho0X+3SEqEPXIow=="
        },
        "node_modules/@connectrpc/connect": {
            "version": "1.1.3",
            "resolved": "https://registry.npmjs.org/@connectrpc/connect/-/connect-1.1.3.tgz",
            "integrity": "sha512-AXkbsLQe2Nm7VuoN5nqp05GEb9mPa/f5oFzDqTbHME4i8TghTrlY03uefbhuAq4wjsnfDnmuxHZvn6ndlgXmbg==",
            "peerDependencies": {
                "@bufbuild/protobuf": "^1.3.3"
            }
        },
        "node_modules/@connectrpc/connect-node": {
            "version": "1.1.3",
            "resolved": "https://registry.npmjs.org/@connectrpc/connect-node/-/connect-node-1.1.3.tgz",
            "integrity": "sha512-oq7Uk8XlLzC2+eHaxZTX189dhujD0/tK9plizxofsFHUnLquMSmzQQ2GzvTv4u6U05eZYc/crySmf86Sqpi1bA==",
            "dependencies": {
                "undici": "^5.26.2"
            },
            "engines": {
                "node": ">=16.0.0"
            },
            "peerDependencies": {
                "@bufbuild/protobuf": "^1.3.3",
                "@connectrpc/connect": "1.1.3"
            }
        },
        "node_modules/@effect/schema": {
            "version": "0.47.7",
            "resolved": "https://registry.npmjs.org/@effect/schema/-/schema-0.47.7.tgz",
            "integrity": "sha512-rQpzxfGsv2C3HSpwBRYPt7p5eibekWbn+RrYCd6SWtNSF0YPClhZwzBLygQvqDMXHkk3rHuuSOnJvIdqu7o4Hw==",
            "peer": true,
            "peerDependencies": {
                "effect": "2.0.0-next.54",
                "fast-check": "^3.13.2"
            }
        },
        "node_modules/@fastify/busboy": {
            "version": "2.1.0",
            "resolved": "https://registry.npmjs.org/@fastify/busboy/-/busboy-2.1.0.tgz",
            "integrity": "sha512-+KpH+QxZU7O4675t3mnkQKcZZg56u+K/Ct2K+N2AZYNVK8kyeo/bI18tI8aPm3tvNNRyTWfj6s5tnGNlcbQRsA==",
            "engines": {
                "node": ">=14"
            }
        },
        "node_modules/@opentelemetry/api": {
            "version": "1.6.0",
            "resolved": "https://registry.npmjs.org/@opentelemetry/api/-/api-1.6.0.tgz",
            "integrity": "sha512-OWlrQAnWn9577PhVgqjUvMr1pg57Bc4jv0iL4w0PRuOSRvq67rvHW9Ie/dZVMvCzhSCB+UxhcY/PmCmFj33Q+g==",
            "engines": {
                "node": ">=8.0.0"
            }
        },
        "node_modules/@substreams/core": {
            "version": "0.7.0",
            "resolved": "https://registry.npmjs.org/@substreams/core/-/core-0.7.0.tgz",
            "integrity": "sha512-SJ70pbIRWNdp17Ld1QbGJpQ2ohvYUBKiAkOKnODeqLCDmc/xKs66nxJCIzQOvIxqLXVRU3QiBwm6NQB3CKrP0A==",
            "peerDependencies": {
                "@bufbuild/protobuf": "^1.4.2",
                "@connectrpc/connect": "^1.1.3"
            }
        },
        "node_modules/@substreams/manifest": {
            "version": "0.6.0",
            "resolved": "https://registry.npmjs.org/@substreams/manifest/-/manifest-0.6.0.tgz",
            "integrity": "sha512-yPgcnK3WL6Dvx5vEH/CVkjyl5GG9DaV5vGY3YeyuZ7QwXfceoJANSaaBAZX9227kFz+k4/6ERF77P8RrMA5A1Q==",
            "dependencies": {
                "@substreams/core": "0.7.0"
            },
            "peerDependencies": {
                "@bufbuild/buf": "^1.28.0",
                "@bufbuild/protobuf": "^1.4.2",
                "@effect/schema": "^0.47.6",
                "effect": "2.0.0-next.54",
                "yaml": "^2.3.4"
            }
        },
        "node_modules/@substreams/node": {
            "version": "0.4.3",
            "resolved": "https://registry.npmjs.org/@substreams/node/-/node-0.4.3.tgz",
            "integrity": "sha512-XpzXg4QhNgqTXjXB/OfuBwfp8REgPC9arpPFQ4vNS0toia6BZjOLirB42txl7DLo053FIaEDqPsKaR7D2Cmv0g==",
            "dependencies": {
                "@bufbuild/protobuf": "latest",
                "@connectrpc/connect": "latest",
                "@connectrpc/connect-node": "latest",
                "@substreams/core": "^0.7.0",
                "eventemitter3": "latest"
            },
            "engines": {
                "node": ">=18"
            }
        },
        "node_modules/@types/node": {
            "version": "20.9.1",
            "resolved": "https://registry.npmjs.org/@types/node/-/node-20.9.1.tgz",
            "integrity": "sha512-HhmzZh5LSJNS5O8jQKpJ/3ZcrrlG6L70hpGqMIAoM9YVD0YBRNWYsfwcXq8VnSjlNpCpgLzMXdiPo+dxcvSmiA==",
            "dev": true,
            "dependencies": {
                "undici-types": "~5.26.4"
            }
        },
        "node_modules/bintrees": {
            "version": "1.0.2",
            "resolved": "https://registry.npmjs.org/bintrees/-/bintrees-1.0.2.tgz",
            "integrity": "sha512-VOMgTMwjAaUG580SXn3LacVgjurrbMme7ZZNYGSSV7mmtY6QQRh0Eg3pwIcntQ77DErK1L0NxkbetjcoXzVwKw=="
        },
        "node_modules/commander": {
            "version": "11.1.0",
            "resolved": "https://registry.npmjs.org/commander/-/commander-11.1.0.tgz",
            "integrity": "sha512-yPVavfyCcRhmorC7rWlkHn15b4wDVgVmBA7kV4QVBsF7kv/9TKJAbAXVTxvTnwP8HHKjRCJDClKbciiYS7p0DQ==",
            "engines": {
                "node": ">=16"
            }
        },
        "node_modules/dotenv": {
            "version": "16.3.1",
            "resolved": "https://registry.npmjs.org/dotenv/-/dotenv-16.3.1.tgz",
            "integrity": "sha512-IPzF4w4/Rd94bA9imS68tZBaYyBWSCE47V1RGuMrB94iyTOIEwRmVL2x/4An+6mETpLrKJ5hQkB8W4kFAadeIQ==",
            "engines": {
                "node": ">=12"
            },
            "funding": {
                "url": "https://github.com/motdotla/dotenv?sponsor=1"
            }
        },
        "node_modules/effect": {
            "version": "2.0.0-next.54",
            "resolved": "https://registry.npmjs.org/effect/-/effect-2.0.0-next.54.tgz",
            "integrity": "sha512-qROhKMxlm6fpa90YRfWSgKeelDfhaDq2igPK+pIKupGehiCnZH4vd2qrY71HVZ10qZgXxh0VXpGyDQxJC+EQqw==",
            "peer": true
        },
        "node_modules/eventemitter3": {
            "version": "5.0.1",
            "resolved": "https://registry.npmjs.org/eventemitter3/-/eventemitter3-5.0.1.tgz",
            "integrity": "sha512-GWkBvjiSZK87ELrYOSESUYeVIc9mvLLf/nXalMOS5dYrgZq9o5OVkbZAVM06CVxYsCwH9BDZFPlQTlPA1j4ahA=="
        },
        "node_modules/fast-check": {
            "version": "3.13.2",
            "resolved": "https://registry.npmjs.org/fast-check/-/fast-check-3.13.2.tgz",
            "integrity": "sha512-ouTiFyeMoqmNg253xqy4NSacr5sHxH6pZpLOaHgaAdgZxFWdtsfxExwolpveoAE9CJdV+WYjqErNGef6SqA5Mg==",
            "funding": [
                {
                    "type": "individual",
                    "url": "https://github.com/sponsors/dubzzz"
                },
                {
                    "type": "opencollective",
                    "url": "https://opencollective.com/fast-check"
                }
            ],
            "peer": true,
            "dependencies": {
                "pure-rand": "^6.0.0"
            },
            "engines": {
                "node": ">=8.0.0"
            }
        },
        "node_modules/prom-client": {
            "version": "15.0.0",
            "resolved": "https://registry.npmjs.org/prom-client/-/prom-client-15.0.0.tgz",
            "integrity": "sha512-UocpgIrKyA2TKLVZDSfm8rGkL13C19YrQBAiG3xo3aDFWcHedxRxI3z+cIcucoxpSO0h5lff5iv/SXoxyeopeA==",
            "dependencies": {
                "@opentelemetry/api": "^1.4.0",
                "tdigest": "^0.1.1"
            },
            "engines": {
                "node": "^16 || ^18 || >=20"
            }
        },
        "node_modules/pure-rand": {
            "version": "6.0.4",
            "resolved": "https://registry.npmjs.org/pure-rand/-/pure-rand-6.0.4.tgz",
            "integrity": "sha512-LA0Y9kxMYv47GIPJy6MI84fqTd2HmYZI83W/kM/SkKfDlajnZYfmXFTxkbY+xSBPkLJxltMa9hIkmdc29eguMA==",
            "funding": [
                {
                    "type": "individual",
                    "url": "https://github.com/sponsors/dubzzz"
                },
                {
                    "type": "opencollective",
                    "url": "https://opencollective.com/fast-check"
                }
            ],
            "peer": true
        },
        "node_modules/tdigest": {
            "version": "0.1.2",
            "resolved": "https://registry.npmjs.org/tdigest/-/tdigest-0.1.2.tgz",
            "integrity": "sha512-+G0LLgjjo9BZX2MfdvPfH+MKLCrxlXSYec5DaPYP1fe6Iyhf0/fSmJ0bFiZ1F8BT6cGXl2LpltQptzjXKWEkKA==",
            "dependencies": {
                "bintrees": "1.0.2"
            }
        },
        "node_modules/tslog": {
            "version": "4.9.2",
            "resolved": "https://registry.npmjs.org/tslog/-/tslog-4.9.2.tgz",
            "integrity": "sha512-wBM+LRJoNl34Bdu8mYEFxpvmOUedpNUwMNQB/NcuPIZKwdDde6xLHUev3bBjXQU7gdurX++X/YE7gLH8eXYsiQ==",
            "engines": {
                "node": ">=16"
            },
            "funding": {
                "url": "https://github.com/fullstack-build/tslog?sponsor=1"
            }
        },
        "node_modules/typescript": {
            "version": "5.2.2",
            "resolved": "https://registry.npmjs.org/typescript/-/typescript-5.2.2.tgz",
            "integrity": "sha512-mI4WrpHsbCIcwT9cF4FZvr80QUeKvsUsUvKDoR+X/7XHQH98xYD8YHZg7ANtz2GtZt/CBq2QJ0thkGJMHfqc1w==",
            "dev": true,
            "bin": {
                "tsc": "bin/tsc",
                "tsserver": "bin/tsserver"
            },
            "engines": {
                "node": ">=14.17"
            }
        },
        "node_modules/undici": {
            "version": "5.28.0",
            "resolved": "https://registry.npmjs.org/undici/-/undici-5.28.0.tgz",
            "integrity": "sha512-gM12DkXhlAc5+/TPe60iy9P6ETgVfqTuRJ6aQ4w8RYu0MqKuXhaq3/b86GfzDQnNA3NUO6aUNdvevrKH59D0Nw==",
            "dependencies": {
                "@fastify/busboy": "^2.0.0"
            },
            "engines": {
                "node": ">=14.0"
            }
        },
        "node_modules/undici-types": {
            "version": "5.26.5",
            "resolved": "https://registry.npmjs.org/undici-types/-/undici-types-5.26.5.tgz",
            "integrity": "sha512-JlCMO+ehdEIKqlFxk6IfVoAUVmgz7cU7zD/h9XZ0qzeosSHmUJVOzSQvvYSYWXkFXC+IfLKSIffhv0sVZup6pA==",
            "dev": true
        },
        "node_modules/yaml": {
            "version": "2.3.4",
            "resolved": "https://registry.npmjs.org/yaml/-/yaml-2.3.4.tgz",
            "integrity": "sha512-8aAvwVUSHpfEqTQ4w/KMlf3HcRdt50E5ODIQJBw1fQ5RL34xabzxtUlzTXVqc4rkZsPbvrXKWnABCD7kWSmocA==",
            "peer": true,
            "engines": {
                "node": ">= 14"
            }
        }
    }
}
