{
    "name": "substreams-sink",
    "version": "0.13.7",
    "lockfileVersion": 3,
    "requires": true,
    "packages": {
        "": {
            "name": "substreams-sink",
            "version": "0.13.7",
            "license": "MIT OR Apache-2.0",
            "dependencies": {
                "@substreams/core": "^0.12.0",
                "@substreams/manifest": "^0.11.0",
                "@substreams/node": "^0.5.2",
                "commander": "latest",
                "dotenv": "latest",
                "prom-client": "latest",
                "tslog": "latest"
            },
            "devDependencies": {
                "@types/node": "latest",
                "typescript": "latest"
            },
            "engines": {
                "node": ">=18"
            }
        },
        "node_modules/@bufbuild/buf": {
            "version": "1.28.1",
            "resolved": "https://registry.npmjs.org/@bufbuild/buf/-/buf-1.28.1.tgz",
            "integrity": "sha512-WRDagrf0uBjfV9s5eyrSPJDcdI4A5Q7JMCA4aMrHRR8fo/TTjniDBjJprszhaguqsDkn/LS4QIu92HVFZCrl9A==",
            "hasInstallScript": true,
            "peer": true,
            "bin": {
                "buf": "bin/buf",
                "protoc-gen-buf-breaking": "bin/protoc-gen-buf-breaking",
                "protoc-gen-buf-lint": "bin/protoc-gen-buf-lint"
            },
            "engines": {
                "node": ">=12"
            },
            "optionalDependencies": {
                "@bufbuild/buf-darwin-arm64": "1.28.1",
                "@bufbuild/buf-darwin-x64": "1.28.1",
                "@bufbuild/buf-linux-aarch64": "1.28.1",
                "@bufbuild/buf-linux-x64": "1.28.1",
                "@bufbuild/buf-win32-arm64": "1.28.1",
                "@bufbuild/buf-win32-x64": "1.28.1"
            }
        },
        "node_modules/@bufbuild/buf-darwin-arm64": {
            "version": "1.28.1",
            "resolved": "https://registry.npmjs.org/@bufbuild/buf-darwin-arm64/-/buf-darwin-arm64-1.28.1.tgz",
            "integrity": "sha512-nAyvwKkcd8qQTExCZo5MtSRhXLK7e3vzKFKHjXfkveRakSUST2HFlFZAHfErZimN4wBrPTN0V0hNRU8PPjkMpQ==",
            "cpu": [
                "arm64"
            ],
            "optional": true,
            "os": [
                "darwin"
            ],
            "peer": true,
            "engines": {
                "node": ">=12"
            }
        },
        "node_modules/@bufbuild/buf-darwin-x64": {
            "version": "1.28.1",
            "resolved": "https://registry.npmjs.org/@bufbuild/buf-darwin-x64/-/buf-darwin-x64-1.28.1.tgz",
            "integrity": "sha512-b0eT3xd3vX5a5lWAbo5h7FPuf9MsOJI4I39qs4TZnrlZ8BOuPfqzwzijiFf9UCwaX2vR1NQXexIoQ80Ci+fCHw==",
            "cpu": [
                "x64"
            ],
            "optional": true,
            "os": [
                "darwin"
            ],
            "peer": true,
            "engines": {
                "node": ">=12"
            }
        },
        "node_modules/@bufbuild/buf-linux-aarch64": {
            "version": "1.28.1",
            "resolved": "https://registry.npmjs.org/@bufbuild/buf-linux-aarch64/-/buf-linux-aarch64-1.28.1.tgz",
            "integrity": "sha512-p5h9bZCVLMh8No9/7k7ulXzsFx5P7Lu6DiUMjSJ6aBXPMYo6Xl7r/6L2cQkpsZ53HMtIxCgMYS9a7zoS4K8wIw==",
            "cpu": [
                "arm64"
            ],
            "optional": true,
            "os": [
                "linux"
            ],
            "peer": true,
            "engines": {
                "node": ">=12"
            }
        },
        "node_modules/@bufbuild/buf-linux-x64": {
            "version": "1.28.1",
            "resolved": "https://registry.npmjs.org/@bufbuild/buf-linux-x64/-/buf-linux-x64-1.28.1.tgz",
            "integrity": "sha512-fVJ3DiRigIso06jgEl+JNp59Y5t2pxDHd10d3SA4r+14sXbZ2J7Gy/wBqVXPry4x/jW567KKlvmhg7M5ZBgCQQ==",
            "cpu": [
                "x64"
            ],
            "optional": true,
            "os": [
                "linux"
            ],
            "peer": true,
            "engines": {
                "node": ">=12"
            }
        },
        "node_modules/@bufbuild/buf-win32-arm64": {
            "version": "1.28.1",
            "resolved": "https://registry.npmjs.org/@bufbuild/buf-win32-arm64/-/buf-win32-arm64-1.28.1.tgz",
            "integrity": "sha512-KJiRJpugQRK/jXC46Xjlb68UydWhCZj2jHdWLIwNtgXd1WTJ3LngChZV7Y6pPK08pwBAVz0JYeVbD5IlTCD4TQ==",
            "cpu": [
                "arm64"
            ],
            "optional": true,
            "os": [
                "win32"
            ],
            "peer": true,
            "engines": {
                "node": ">=12"
            }
        },
        "node_modules/@bufbuild/buf-win32-x64": {
            "version": "1.28.1",
            "resolved": "https://registry.npmjs.org/@bufbuild/buf-win32-x64/-/buf-win32-x64-1.28.1.tgz",
            "integrity": "sha512-vMnc+7OVCkmlRWQsgYHgUqiBPRIjD8XeoRyApJ07YZzGs7DkRH4LhvmacJbLd3wORylbn6gLz3pQa8J/M61mzg==",
            "cpu": [
                "x64"
            ],
            "optional": true,
            "os": [
                "win32"
            ],
            "peer": true,
            "engines": {
                "node": ">=12"
            }
        },
        "node_modules/@bufbuild/protobuf": {
            "version": "1.6.0",
            "resolved": "https://registry.npmjs.org/@bufbuild/protobuf/-/protobuf-1.6.0.tgz",
            "integrity": "sha512-hp19vSFgNw3wBBcVBx5qo5pufCqjaJ0Cfk5H/pfjNOfNWU+4/w0QVOmfAOZNRrNWRrVuaJWxcN8P2vhOkkzbBQ=="
        },
        "node_modules/@connectrpc/connect": {
            "version": "1.3.0",
            "resolved": "https://registry.npmjs.org/@connectrpc/connect/-/connect-1.3.0.tgz",
            "integrity": "sha512-kTeWxJnLLtxKc2ZSDN0rIBgwfP8RwcLknthX4AKlIAmN9ZC4gGnCbwp+3BKcP/WH5c8zGBAWqSY3zeqCM+ah7w==",
            "peerDependencies": {
                "@bufbuild/protobuf": "^1.4.2"
            }
        },
        "node_modules/@connectrpc/connect-node": {
            "version": "1.3.0",
            "resolved": "https://registry.npmjs.org/@connectrpc/connect-node/-/connect-node-1.3.0.tgz",
            "integrity": "sha512-2fV/z/8MUFOkTn2Gbm7T/qvRfkpt/D/w7ykYqACZRH6VNG/faY4lH2wUZiNkwv9tzTrECKOJFyPsaGs3nRYK3w==",
            "dependencies": {
                "undici": "^5.28.2"
            },
            "engines": {
                "node": ">=16.0.0"
            },
            "peerDependencies": {
                "@bufbuild/protobuf": "^1.4.2",
                "@connectrpc/connect": "1.3.0"
            }
        },
        "node_modules/@connectrpc/connect-web": {
            "version": "1.3.0",
            "resolved": "https://registry.npmjs.org/@connectrpc/connect-web/-/connect-web-1.3.0.tgz",
            "integrity": "sha512-8HSY8x6douX1LcSFsGEUdjs9jwBe9X+LxkCI8hCtH7vKUCZieQqkRWstoApeIJchHYTaQYqwy2ImKnvwyWwruA==",
            "peerDependencies": {
                "@bufbuild/protobuf": "^1.4.2",
                "@connectrpc/connect": "1.3.0"
            }
        },
        "node_modules/@effect/schema": {
            "version": "0.60.6",
            "resolved": "https://registry.npmjs.org/@effect/schema/-/schema-0.60.6.tgz",
            "integrity": "sha512-M9DE/7fE0pVRVt8ytMpbRFqyTSHG08Ww6vAj/4x710++kA9ijgAtRuDgzQTTa3dwoJnCX+78kAKTEAsZpdKB0A==",
            "peer": true,
            "peerDependencies": {
                "effect": "^2.1.2",
                "fast-check": "^3.13.2"
            }
        },
        "node_modules/@fastify/busboy": {
            "version": "2.1.0",
            "resolved": "https://registry.npmjs.org/@fastify/busboy/-/busboy-2.1.0.tgz",
            "integrity": "sha512-+KpH+QxZU7O4675t3mnkQKcZZg56u+K/Ct2K+N2AZYNVK8kyeo/bI18tI8aPm3tvNNRyTWfj6s5tnGNlcbQRsA==",
            "engines": {
                "node": ">=14"
            }
        },
        "node_modules/@opentelemetry/api": {
            "version": "1.7.0",
            "resolved": "https://registry.npmjs.org/@opentelemetry/api/-/api-1.7.0.tgz",
            "integrity": "sha512-AdY5wvN0P2vXBi3b29hxZgSFvdhdxPB9+f0B6s//P9Q8nibRWeA3cHm8UmLpio9ABigkVHJ5NMPk+Mz8VCCyrw==",
            "engines": {
                "node": ">=8.0.0"
            }
        },
        "node_modules/@substreams/core": {
            "version": "0.12.0",
            "resolved": "https://registry.npmjs.org/@substreams/core/-/core-0.12.0.tgz",
            "integrity": "sha512-QgwcorVlBYjJ0znSiMBXFj3BRWIeq+ZDVJkGRrYttQ4c15Bqcmk4ALKW5e6C8flx+EVug297o7fVBbMaOyVclA==",
            "peerDependencies": {
                "@bufbuild/protobuf": "^1.6.0",
                "@connectrpc/connect": "^1.3.0"
            }
        },
        "node_modules/@substreams/manifest": {
            "version": "0.11.0",
            "resolved": "https://registry.npmjs.org/@substreams/manifest/-/manifest-0.11.0.tgz",
            "integrity": "sha512-AOuwGG/zKocjK+n3kD05BWEpt4iH/5R7eWp5BCSWx4vV494Vqd+QcbIwGuQIG32rVHmqo9FtV7jRFsTcmqL0rQ==",
            "dependencies": {
                "@substreams/core": "0.12.0"
            },
            "peerDependencies": {
                "@bufbuild/buf": "^1.28.1",
                "@bufbuild/protobuf": "^1.6.0",
                "@effect/schema": "^0.60.2",
                "effect": "^2.1.0",
                "yaml": "^2.3.4"
            }
        },
        "node_modules/@substreams/node": {
            "version": "0.5.2",
            "resolved": "https://registry.npmjs.org/@substreams/node/-/node-0.5.2.tgz",
            "integrity": "sha512-Jb2AkxRLoBTQsnmHOf0aX19e8rQybEaf0QowJ4Jw8cD5aIOQUUbZVy+ZC+UC6ITrC9YljnALIMlNAPB80NgfIw==",
            "dependencies": {
                "@bufbuild/protobuf": "latest",
                "@connectrpc/connect": "latest",
                "@connectrpc/connect-node": "latest",
                "@connectrpc/connect-web": "latest",
                "@substreams/core": "latest",
                "eventemitter3": "latest"
            },
            "engines": {
                "node": ">=18"
            }
        },
        "node_modules/@types/node": {
            "version": "20.11.5",
            "resolved": "https://registry.npmjs.org/@types/node/-/node-20.11.5.tgz",
            "integrity": "sha512-g557vgQjUUfN76MZAN/dt1z3dzcUsimuysco0KeluHgrPdJXkP/XdAURgyO2W9fZWHRtRBiVKzKn8vyOAwlG+w==",
            "dev": true,
            "dependencies": {
                "undici-types": "~5.26.4"
            }
        },
        "node_modules/bintrees": {
            "version": "1.0.2",
            "resolved": "https://registry.npmjs.org/bintrees/-/bintrees-1.0.2.tgz",
            "integrity": "sha512-VOMgTMwjAaUG580SXn3LacVgjurrbMme7ZZNYGSSV7mmtY6QQRh0Eg3pwIcntQ77DErK1L0NxkbetjcoXzVwKw=="
        },
        "node_modules/commander": {
            "version": "11.1.0",
            "resolved": "https://registry.npmjs.org/commander/-/commander-11.1.0.tgz",
            "integrity": "sha512-yPVavfyCcRhmorC7rWlkHn15b4wDVgVmBA7kV4QVBsF7kv/9TKJAbAXVTxvTnwP8HHKjRCJDClKbciiYS7p0DQ==",
            "engines": {
                "node": ">=16"
            }
        },
        "node_modules/dotenv": {
            "version": "16.3.2",
            "resolved": "https://registry.npmjs.org/dotenv/-/dotenv-16.3.2.tgz",
            "integrity": "sha512-HTlk5nmhkm8F6JcdXvHIzaorzCoziNQT9mGxLPVXW8wJF1TiGSL60ZGB4gHWabHOaMmWmhvk2/lPHfnBiT78AQ==",
            "engines": {
                "node": ">=12"
            },
            "funding": {
                "url": "https://github.com/motdotla/dotenv?sponsor=1"
            }
        },
        "node_modules/effect": {
            "version": "2.1.2",
            "resolved": "https://registry.npmjs.org/effect/-/effect-2.1.2.tgz",
            "integrity": "sha512-MCRgwL2CukG7ZhXwqCDOZqWtDBDmofzvho91OS3SgAhjuVW8BoZHWGfHYT7U5WoKsvX9t7pEa8vrwfJfWwhZ5w==",
            "peer": true
        },
        "node_modules/eventemitter3": {
            "version": "5.0.1",
            "resolved": "https://registry.npmjs.org/eventemitter3/-/eventemitter3-5.0.1.tgz",
            "integrity": "sha512-GWkBvjiSZK87ELrYOSESUYeVIc9mvLLf/nXalMOS5dYrgZq9o5OVkbZAVM06CVxYsCwH9BDZFPlQTlPA1j4ahA=="
        },
        "node_modules/fast-check": {
            "version": "3.15.0",
            "resolved": "https://registry.npmjs.org/fast-check/-/fast-check-3.15.0.tgz",
            "integrity": "sha512-iBz6c+EXL6+nI931x/sbZs1JYTZtLG6Cko0ouS8LRTikhDR7+wZk4TYzdRavlnByBs2G6+nuuJ7NYL9QplNt8Q==",
            "funding": [
                {
                    "type": "individual",
                    "url": "https://github.com/sponsors/dubzzz"
                },
                {
                    "type": "opencollective",
                    "url": "https://opencollective.com/fast-check"
                }
            ],
            "peer": true,
            "dependencies": {
                "pure-rand": "^6.0.0"
            },
            "engines": {
                "node": ">=8.0.0"
            }
        },
        "node_modules/prom-client": {
            "version": "15.1.0",
            "resolved": "https://registry.npmjs.org/prom-client/-/prom-client-15.1.0.tgz",
            "integrity": "sha512-cCD7jLTqyPdjEPBo/Xk4Iu8jxjuZgZJ3e/oET3L+ZwOuap/7Cw3dH/TJSsZKs1TQLZ2IHpIlRAKw82ef06kmMw==",
            "dependencies": {
                "@opentelemetry/api": "^1.4.0",
                "tdigest": "^0.1.1"
            },
            "engines": {
                "node": "^16 || ^18 || >=20"
            }
        },
        "node_modules/pure-rand": {
            "version": "6.0.4",
            "resolved": "https://registry.npmjs.org/pure-rand/-/pure-rand-6.0.4.tgz",
            "integrity": "sha512-LA0Y9kxMYv47GIPJy6MI84fqTd2HmYZI83W/kM/SkKfDlajnZYfmXFTxkbY+xSBPkLJxltMa9hIkmdc29eguMA==",
            "funding": [
                {
                    "type": "individual",
                    "url": "https://github.com/sponsors/dubzzz"
                },
                {
                    "type": "opencollective",
                    "url": "https://opencollective.com/fast-check"
                }
            ],
            "peer": true
        },
        "node_modules/tdigest": {
            "version": "0.1.2",
            "resolved": "https://registry.npmjs.org/tdigest/-/tdigest-0.1.2.tgz",
            "integrity": "sha512-+G0LLgjjo9BZX2MfdvPfH+MKLCrxlXSYec5DaPYP1fe6Iyhf0/fSmJ0bFiZ1F8BT6cGXl2LpltQptzjXKWEkKA==",
            "dependencies": {
                "bintrees": "1.0.2"
            }
        },
        "node_modules/tslog": {
            "version": "4.9.2",
            "resolved": "https://registry.npmjs.org/tslog/-/tslog-4.9.2.tgz",
            "integrity": "sha512-wBM+LRJoNl34Bdu8mYEFxpvmOUedpNUwMNQB/NcuPIZKwdDde6xLHUev3bBjXQU7gdurX++X/YE7gLH8eXYsiQ==",
            "engines": {
                "node": ">=16"
            },
            "funding": {
                "url": "https://github.com/fullstack-build/tslog?sponsor=1"
            }
        },
        "node_modules/typescript": {
            "version": "5.3.3",
            "resolved": "https://registry.npmjs.org/typescript/-/typescript-5.3.3.tgz",
            "integrity": "sha512-pXWcraxM0uxAS+tN0AG/BF2TyqmHO014Z070UsJ+pFvYuRSq8KH8DmWpnbXe0pEPDHXZV3FcAbJkijJ5oNEnWw==",
            "dev": true,
            "bin": {
                "tsc": "bin/tsc",
                "tsserver": "bin/tsserver"
            },
            "engines": {
                "node": ">=14.17"
            }
        },
        "node_modules/undici": {
            "version": "5.28.2",
            "resolved": "https://registry.npmjs.org/undici/-/undici-5.28.2.tgz",
            "integrity": "sha512-wh1pHJHnUeQV5Xa8/kyQhO7WFa8M34l026L5P/+2TYiakvGy5Rdc8jWZVyG7ieht/0WgJLEd3kcU5gKx+6GC8w==",
            "dependencies": {
                "@fastify/busboy": "^2.0.0"
            },
            "engines": {
                "node": ">=14.0"
            }
        },
        "node_modules/undici-types": {
            "version": "5.26.5",
            "resolved": "https://registry.npmjs.org/undici-types/-/undici-types-5.26.5.tgz",
            "integrity": "sha512-JlCMO+ehdEIKqlFxk6IfVoAUVmgz7cU7zD/h9XZ0qzeosSHmUJVOzSQvvYSYWXkFXC+IfLKSIffhv0sVZup6pA==",
            "dev": true
        },
        "node_modules/yaml": {
            "version": "2.3.4",
            "resolved": "https://registry.npmjs.org/yaml/-/yaml-2.3.4.tgz",
            "integrity": "sha512-8aAvwVUSHpfEqTQ4w/KMlf3HcRdt50E5ODIQJBw1fQ5RL34xabzxtUlzTXVqc4rkZsPbvrXKWnABCD7kWSmocA==",
            "peer": true,
            "engines": {
                "node": ">= 14"
            }
        }
    }
}
